
Microsoft Visual Studio Solution File, Format Version 12.00
# Visual Studio Version 16
VisualStudioVersion = 16.0.31829.152
MinimumVisualStudioVersion = 10.0.40219.1
Project("{9A19103F-16F7-4668-BE54-9A1E7A4F7556}") = "ERPSystem", "ERPSystem.csproj", "{9E6C630E-32F4-426A-9E86-3918C3E1CDB6}"
EndProject
Project("{9A19103F-16F7-4668-BE54-9A1E7A4F7556}") = "ERPTest", "..\ERPTest\ERPTest.csproj", "{754084B3-50D2-4AE3-9D90-DF736598377B}"
EndProject
Global
	GlobalSection(SolutionConfigurationPlatforms) = preSolution
		Debug|Any CPU = Debug|Any CPU
		Release|Any CPU = Release|Any CPU
	EndGlobalSection
	GlobalSection(ProjectConfigurationPlatforms) = postSolution
		{9E6C630E-32F4-426A-9E86-3918C3E1CDB6}.Debug|Any CPU.ActiveCfg = Debug|Any CPU
		{9E6C630E-32F4-426A-9E86-3918C3E1CDB6}.Debug|Any CPU.Build.0 = Debug|Any CPU
		{9E6C630E-32F4-426A-9E86-3918C3E1CDB6}.Release|Any CPU.ActiveCfg = Release|Any CPU
		{9E6C630E-32F4-426A-9E86-3918C3E1CDB6}.Release|Any CPU.Build.0 = Release|Any CPU
		{754084B3-50D2-4AE3-9D90-DF736598377B}.Debug|Any CPU.ActiveCfg = Debug|Any CPU
		{754084B3-50D2-4AE3-9D90-DF736598377B}.Debug|Any CPU.Build.0 = Debug|Any CPU
		{754084B3-50D2-4AE3-9D90-DF736598377B}.Release|Any CPU.ActiveCfg = Release|Any CPU
		{754084B3-50D2-4AE3-9D90-DF736598377B}.Release|Any CPU.Build.0 = Release|Any CPU
	EndGlobalSection
	GlobalSection(SolutionProperties) = preSolution
		HideSolutionNode = FALSE
	EndGlobalSection
	GlobalSection(ExtensibilityGlobals) = postSolution
		SolutionGuid = {5B557E46-0A0D-459B-AF57-48729F759232}
	EndGlobalSection
EndGlobal
